
Microsoft Visual Studio Solution File, Format Version 12.00
# Visual Studio 15
VisualStudioVersion = 15.0.28307.645
MinimumVisualStudioVersion = 10.0.40219.1
Project("{FAE04EC0-301F-11D3-BF4B-00C04F79EFBC}") = "HergBotUtilities", "HergBotUtilities\HergBotUtilities.csproj", "{6330C78B-AA7B-4F68-ABEA-BDF3708E8A59}"
EndProject
Project("{FAE04EC0-301F-11D3-BF4B-00C04F79EFBC}") = "HergBotUtilities_Tests", "HergBotUtilities_Tests\HergBotUtilities_Tests.csproj", "{3DCCF330-E647-4BF3-A456-B43338786352}"
EndProject
Global
	GlobalSection(SolutionConfigurationPlatforms) = preSolution
		Debug|Any CPU = Debug|Any CPU
		Release|Any CPU = Release|Any CPU
	EndGlobalSection
	GlobalSection(ProjectConfigurationPlatforms) = postSolution
		{6330C78B-AA7B-4F68-ABEA-BDF3708E8A59}.Debug|Any CPU.ActiveCfg = Debug|Any CPU
		{6330C78B-AA7B-4F68-ABEA-BDF3708E8A59}.Debug|Any CPU.Build.0 = Debug|Any CPU
		{6330C78B-AA7B-4F68-ABEA-BDF3708E8A59}.Release|Any CPU.ActiveCfg = Release|Any CPU
		{6330C78B-AA7B-4F68-ABEA-BDF3708E8A59}.Release|Any CPU.Build.0 = Release|Any CPU
		{3DCCF330-E647-4BF3-A456-B43338786352}.Debug|Any CPU.ActiveCfg = Debug|Any CPU
		{3DCCF330-E647-4BF3-A456-B43338786352}.Debug|Any CPU.Build.0 = Debug|Any CPU
		{3DCCF330-E647-4BF3-A456-B43338786352}.Release|Any CPU.ActiveCfg = Release|Any CPU
		{3DCCF330-E647-4BF3-A456-B43338786352}.Release|Any CPU.Build.0 = Release|Any CPU
	EndGlobalSection
	GlobalSection(SolutionProperties) = preSolution
		HideSolutionNode = FALSE
	EndGlobalSection
	GlobalSection(ExtensibilityGlobals) = postSolution
		SolutionGuid = {33F4C512-B710-47F6-A441-3AE530F656D7}
	EndGlobalSection
EndGlobal
